
Microsoft Visual Studio Solution File, Format Version 12.00
# Visual Studio 14
VisualStudioVersion = 14.0.24720.0
MinimumVisualStudioVersion = 10.0.40219.1
Project("{FAE04EC0-301F-11D3-BF4B-00C04F79EFBC}") = "AbstarctPattern", "DesignPatterns\AbstarctPattern.csproj", "{11D86FB4-B973-4335-B27D-23C22EA1E201}"
EndProject
Project("{FAE04EC0-301F-11D3-BF4B-00C04F79EFBC}") = "FactoryPattern", "FactoryPattern\FactoryPattern.csproj", "{07BF6D26-5A61-4956-9F6A-E395348CF0D0}"
EndProject
Project("{FAE04EC0-301F-11D3-BF4B-00C04F79EFBC}") = "BuilderPattern", "BuilderPattern\BuilderPattern.csproj", "{35141078-8C4E-4DE3-85EA-028BC23E172A}"
EndProject
Project("{FAE04EC0-301F-11D3-BF4B-00C04F79EFBC}") = "SingletonPattern", "SingletonPattern\SingletonPattern.csproj", "{0BC319EA-7736-4EEF-B72B-54F8E50E40D2}"
EndProject
Project("{FAE04EC0-301F-11D3-BF4B-00C04F79EFBC}") = "FacadePattern", "FacadePattern\FacadePattern.csproj", "{1EBE06E9-9303-4B0C-AC63-3AF1475715B0}"
EndProject
Project("{FAE04EC0-301F-11D3-BF4B-00C04F79EFBC}") = "BusinessLayer", "BusinessLayer\BusinessLayer.csproj", "{AB61106A-3566-4DC0-8BEA-AB11EE69844A}"
EndProject
Global
	GlobalSection(SolutionConfigurationPlatforms) = preSolution
		Debug|Any CPU = Debug|Any CPU
		Release|Any CPU = Release|Any CPU
	EndGlobalSection
	GlobalSection(ProjectConfigurationPlatforms) = postSolution
		{11D86FB4-B973-4335-B27D-23C22EA1E201}.Debug|Any CPU.ActiveCfg = Debug|Any CPU
		{11D86FB4-B973-4335-B27D-23C22EA1E201}.Debug|Any CPU.Build.0 = Debug|Any CPU
		{11D86FB4-B973-4335-B27D-23C22EA1E201}.Release|Any CPU.ActiveCfg = Release|Any CPU
		{11D86FB4-B973-4335-B27D-23C22EA1E201}.Release|Any CPU.Build.0 = Release|Any CPU
		{07BF6D26-5A61-4956-9F6A-E395348CF0D0}.Debug|Any CPU.ActiveCfg = Debug|Any CPU
		{07BF6D26-5A61-4956-9F6A-E395348CF0D0}.Debug|Any CPU.Build.0 = Debug|Any CPU
		{07BF6D26-5A61-4956-9F6A-E395348CF0D0}.Release|Any CPU.ActiveCfg = Release|Any CPU
		{07BF6D26-5A61-4956-9F6A-E395348CF0D0}.Release|Any CPU.Build.0 = Release|Any CPU
		{35141078-8C4E-4DE3-85EA-028BC23E172A}.Debug|Any CPU.ActiveCfg = Debug|Any CPU
		{35141078-8C4E-4DE3-85EA-028BC23E172A}.Debug|Any CPU.Build.0 = Debug|Any CPU
		{35141078-8C4E-4DE3-85EA-028BC23E172A}.Release|Any CPU.ActiveCfg = Release|Any CPU
		{35141078-8C4E-4DE3-85EA-028BC23E172A}.Release|Any CPU.Build.0 = Release|Any CPU
		{0BC319EA-7736-4EEF-B72B-54F8E50E40D2}.Debug|Any CPU.ActiveCfg = Debug|Any CPU
		{0BC319EA-7736-4EEF-B72B-54F8E50E40D2}.Debug|Any CPU.Build.0 = Debug|Any CPU
		{0BC319EA-7736-4EEF-B72B-54F8E50E40D2}.Release|Any CPU.ActiveCfg = Release|Any CPU
		{0BC319EA-7736-4EEF-B72B-54F8E50E40D2}.Release|Any CPU.Build.0 = Release|Any CPU
		{1EBE06E9-9303-4B0C-AC63-3AF1475715B0}.Debug|Any CPU.ActiveCfg = Debug|Any CPU
		{1EBE06E9-9303-4B0C-AC63-3AF1475715B0}.Debug|Any CPU.Build.0 = Debug|Any CPU
		{1EBE06E9-9303-4B0C-AC63-3AF1475715B0}.Release|Any CPU.ActiveCfg = Release|Any CPU
		{1EBE06E9-9303-4B0C-AC63-3AF1475715B0}.Release|Any CPU.Build.0 = Release|Any CPU
		{AB61106A-3566-4DC0-8BEA-AB11EE69844A}.Debug|Any CPU.ActiveCfg = Debug|Any CPU
		{AB61106A-3566-4DC0-8BEA-AB11EE69844A}.Debug|Any CPU.Build.0 = Debug|Any CPU
		{AB61106A-3566-4DC0-8BEA-AB11EE69844A}.Release|Any CPU.ActiveCfg = Release|Any CPU
		{AB61106A-3566-4DC0-8BEA-AB11EE69844A}.Release|Any CPU.Build.0 = Release|Any CPU
	EndGlobalSection
	GlobalSection(SolutionProperties) = preSolution
		HideSolutionNode = FALSE
	EndGlobalSection
EndGlobal
